PODS:
  - Realm (0.97.1):
    - Realm/Headers (= 0.97.1)
  - Realm+JSON (0.2.14):
    - Realm (~> 0.95)
  - Realm/Headers (0.97.1)

DEPENDENCIES:
  - Realm (= 0.97.1)
  - Realm+JSON

SPEC CHECKSUMS:
  Realm: 6854f49cc788171573a0605fe5e55d3224bc39f9
  Realm+JSON: 39bef066156e589b209a14e5f2d68754793f8843

COCOAPODS: 0.39.0
