// !$*UTF8*$!
{
	archiveVersion = 1;
	classes = {
	};
	objectVersion = 46;
	objects = {

/* Begin PBXBuildFile section */
		B8191B1F1A35275D0063FE1F /* YSRealmWriteTransaction.m in Sources */ = {isa = PBXBuildFile; fileRef = B8191B1E1A35275D0063FE1F /* YSRealmWriteTransaction.m */; };
		B8191B211A352E500063FE1F /* WriteTransactionTests.m in Sources */ = {isa = PBXBuildFile; fileRef = B8191B201A352E500063FE1F /* WriteTransactionTests.m */; };
		B84FB8FF1A6F367C0014536E /* Mention.m in Sources */ = {isa = PBXBuildFile; fileRef = B84FB8FE1A6F367C0014536E /* Mention.m */; };
		B853DFDE1A9AC365005C17F1 /* Utility.m in Sources */ = {isa = PBXBuildFile; fileRef = B853DFDD1A9AC365005C17F1 /* Utility.m */; };
		B853DFE01A9AD2BF005C17F1 /* UtilityTests.m in Sources */ = {isa = PBXBuildFile; fileRef = B853DFDF1A9AD2BF005C17F1 /* UtilityTests.m */; };
		B88DA10B1A5A103F00DF36D3 /* Entities.m in Sources */ = {isa = PBXBuildFile; fileRef = B88DA1041A5A103F00DF36D3 /* Entities.m */; };
		B88DA10C1A5A103F00DF36D3 /* Tweet.m in Sources */ = {isa = PBXBuildFile; fileRef = B88DA1061A5A103F00DF36D3 /* Tweet.m */; };
		B88DA10D1A5A103F00DF36D3 /* Url.m in Sources */ = {isa = PBXBuildFile; fileRef = B88DA1081A5A103F00DF36D3 /* Url.m */; };
		B88DA10E1A5A103F00DF36D3 /* User.m in Sources */ = {isa = PBXBuildFile; fileRef = B88DA10A1A5A103F00DF36D3 /* User.m */; };
		B88DA1121A5A105D00DF36D3 /* JsonGenerator.m in Sources */ = {isa = PBXBuildFile; fileRef = B88DA1111A5A105D00DF36D3 /* JsonGenerator.m */; };
		B88DA1151A5A107000DF36D3 /* TwitterRealmStore.m in Sources */ = {isa = PBXBuildFile; fileRef = B88DA1141A5A107000DF36D3 /* TwitterRealmStore.m */; };
		B88DA11A1A5A10FF00DF36D3 /* TwitterRequest.m in Sources */ = {isa = PBXBuildFile; fileRef = B88DA1191A5A10FF00DF36D3 /* TwitterRequest.m */; };
		B88DA11D1A5A166000DF36D3 /* TweetCell.m in Sources */ = {isa = PBXBuildFile; fileRef = B88DA11C1A5A166000DF36D3 /* TweetCell.m */; };
		B88DA1201A5A173D00DF36D3 /* TweetViewController.m in Sources */ = {isa = PBXBuildFile; fileRef = B88DA11F1A5A173D00DF36D3 /* TweetViewController.m */; };
		B88DA1231A5A1F5700DF36D3 /* TweetCell.xib in Resources */ = {isa = PBXBuildFile; fileRef = B88DA1221A5A1F5700DF36D3 /* TweetCell.xib */; };
		B8AE95BD1A5C3E6B0053B140 /* NSDictionary+YSRealmStore.m in Sources */ = {isa = PBXBuildFile; fileRef = B8AE95BC1A5C3E6B0053B140 /* NSDictionary+YSRealmStore.m */; };
		B8AE95C01A5C3E7E0053B140 /* NSString+YSRealmStore.m in Sources */ = {isa = PBXBuildFile; fileRef = B8AE95BF1A5C3E7E0053B140 /* NSString+YSRealmStore.m */; };
		B8AE95C31A5C3EAA0053B140 /* NSDate+YSRealmStore.m in Sources */ = {isa = PBXBuildFile; fileRef = B8AE95C21A5C3EAA0053B140 /* NSDate+YSRealmStore.m */; };
		B8AE95C61A5C3EBD0053B140 /* NSData+YSRealmStore.m in Sources */ = {isa = PBXBuildFile; fileRef = B8AE95C51A5C3EBD0053B140 /* NSData+YSRealmStore.m */; };
		B8AE95CB1A5C3EE70053B140 /* RLMArray+YSRealmStore.m in Sources */ = {isa = PBXBuildFile; fileRef = B8AE95C81A5C3EE70053B140 /* RLMArray+YSRealmStore.m */; };
		B8C003FF1A3C94E200130815 /* CategoryTests.m in Sources */ = {isa = PBXBuildFile; fileRef = B8C003FE1A3C94E200130815 /* CategoryTests.m */; };
		B8C35DED1AB01D0F00C08D6F /* RLMResults+YSRealmStore.m in Sources */ = {isa = PBXBuildFile; fileRef = B8C35DEC1AB01D0F00C08D6F /* RLMResults+YSRealmStore.m */; };
		B8D545FF19FD00F5008FA04F /* main.m in Sources */ = {isa = PBXBuildFile; fileRef = B8D545FE19FD00F5008FA04F /* main.m */; };
		B8D5460219FD00F5008FA04F /* AppDelegate.m in Sources */ = {isa = PBXBuildFile; fileRef = B8D5460119FD00F5008FA04F /* AppDelegate.m */; };
		B8D5460819FD00F5008FA04F /* Main.storyboard in Resources */ = {isa = PBXBuildFile; fileRef = B8D5460619FD00F5008FA04F /* Main.storyboard */; };
		B8D5460A19FD00F5008FA04F /* Images.xcassets in Resources */ = {isa = PBXBuildFile; fileRef = B8D5460919FD00F5008FA04F /* Images.xcassets */; };
		B8D5460D19FD00F5008FA04F /* LaunchScreen.xib in Resources */ = {isa = PBXBuildFile; fileRef = B8D5460B19FD00F5008FA04F /* LaunchScreen.xib */; };
		B8D5462519FD0291008FA04F /* YSRealmStore.m in Sources */ = {isa = PBXBuildFile; fileRef = B8D5462419FD0291008FA04F /* YSRealmStore.m */; };
		B8D5462819FD029B008FA04F /* YSRealmOperation.m in Sources */ = {isa = PBXBuildFile; fileRef = B8D5462719FD029B008FA04F /* YSRealmOperation.m */; };
		B8D5464519FDCD9B008FA04F /* CoreRealmTests.m in Sources */ = {isa = PBXBuildFile; fileRef = B8D5464419FDCD9B008FA04F /* CoreRealmTests.m */; };
		B8D5464D19FDCEC9008FA04F /* OperationTests.m in Sources */ = {isa = PBXBuildFile; fileRef = B8D5464C19FDCEC9008FA04F /* OperationTests.m */; };
		B8F9B8A91C6B08D200AE54C5 /* StoreUtilityTests.m in Sources */ = {isa = PBXBuildFile; fileRef = B8F9B8A81C6B08D200AE54C5 /* StoreUtilityTests.m */; };
		CD61284CB44F3AE3BFE86B01 /* libPods.a in Frameworks */ = {isa = PBXBuildFile; fileRef = 0AAE81F79A0CF1ECCDF8F05D /* libPods.a */; };
/* End PBXBuildFile section */

/* Begin PBXContainerItemProxy section */
		B8D5461319FD00F6008FA04F /* PBXContainerItemProxy */ = {
			isa = PBXContainerItemProxy;
			containerPortal = B8D545F119FD00F5008FA04F /* Project object */;
			proxyType = 1;
			remoteGlobalIDString = B8D545F819FD00F5008FA04F;
			remoteInfo = YSRealmExample;
		};
		B8F9B8AB1C6B08D200AE54C5 /* PBXContainerItemProxy */ = {
			isa = PBXContainerItemProxy;
			containerPortal = B8D545F119FD00F5008FA04F /* Project object */;
			proxyType = 1;
			remoteGlobalIDString = B8D545F819FD00F5008FA04F;
			remoteInfo = YSRealmStoreExample;
		};
/* End PBXContainerItemProxy section */

/* Begin PBXFileReference section */
		0AAE81F79A0CF1ECCDF8F05D /* libPods.a */ = {isa = PBXFileReference; explicitFileType = archive.ar; includeInIndex = 0; path = libPods.a; sourceTree = BUILT_PRODUCTS_DIR; };
		1334DBDE6AAA5F8549BE0C0E /* Pods.release.xcconfig */ = {isa = PBXFileReference; includeInIndex = 1; lastKnownFileType = text.xcconfig; name = Pods.release.xcconfig; path = "Pods/Target Support Files/Pods/Pods.release.xcconfig"; sourceTree = "<group>"; };
		8E621EFFD268E78113302843 /* Pods.debug.xcconfig */ = {isa = PBXFileReference; includeInIndex = 1; lastKnownFileType = text.xcconfig; name = Pods.debug.xcconfig; path = "Pods/Target Support Files/Pods/Pods.debug.xcconfig"; sourceTree = "<group>"; };
		B8191B1D1A35275D0063FE1F /* YSRealmWriteTransaction.h */ = {isa = PBXFileReference; fileEncoding = 4; lastKnownFileType = sourcecode.c.h; path = YSRealmWriteTransaction.h; sourceTree = "<group>"; };
		B8191B1E1A35275D0063FE1F /* YSRealmWriteTransaction.m */ = {isa = PBXFileReference; fileEncoding = 4; lastKnownFileType = sourcecode.c.objc; path = YSRealmWriteTransaction.m; sourceTree = "<group>"; };
		B8191B201A352E500063FE1F /* WriteTransactionTests.m */ = {isa = PBXFileReference; fileEncoding = 4; lastKnownFileType = sourcecode.c.objc; path = WriteTransactionTests.m; sourceTree = "<group>"; };
		B8302DD81A007E60004C9DA9 /* PrefixHeader.pch */ = {isa = PBXFileReference; lastKnownFileType = sourcecode.c.h; path = PrefixHeader.pch; sourceTree = SOURCE_ROOT; };
		B84FB8FD1A6F367C0014536E /* Mention.h */ = {isa = PBXFileReference; fileEncoding = 4; lastKnownFileType = sourcecode.c.h; name = Mention.h; path = YSRealmStoreExample/Mention.h; sourceTree = "<group>"; };
		B84FB8FE1A6F367C0014536E /* Mention.m */ = {isa = PBXFileReference; fileEncoding = 4; lastKnownFileType = sourcecode.c.objc; name = Mention.m; path = YSRealmStoreExample/Mention.m; sourceTree = "<group>"; };
		B853DFDC1A9AC365005C17F1 /* Utility.h */ = {isa = PBXFileReference; fileEncoding = 4; lastKnownFileType = sourcecode.c.h; path = Utility.h; sourceTree = "<group>"; };
		B853DFDD1A9AC365005C17F1 /* Utility.m */ = {isa = PBXFileReference; fileEncoding = 4; lastKnownFileType = sourcecode.c.objc; path = Utility.m; sourceTree = "<group>"; };
		B853DFDF1A9AD2BF005C17F1 /* UtilityTests.m */ = {isa = PBXFileReference; fileEncoding = 4; lastKnownFileType = sourcecode.c.objc; path = UtilityTests.m; sourceTree = "<group>"; };
		B88DA1031A5A103F00DF36D3 /* Entities.h */ = {isa = PBXFileReference; fileEncoding = 4; lastKnownFileType = sourcecode.c.h; name = Entities.h; path = YSRealmStoreExample/Entities.h; sourceTree = "<group>"; };
		B88DA1041A5A103F00DF36D3 /* Entities.m */ = {isa = PBXFileReference; fileEncoding = 4; lastKnownFileType = sourcecode.c.objc; name = Entities.m; path = YSRealmStoreExample/Entities.m; sourceTree = "<group>"; };
		B88DA1051A5A103F00DF36D3 /* Tweet.h */ = {isa = PBXFileReference; fileEncoding = 4; lastKnownFileType = sourcecode.c.h; name = Tweet.h; path = YSRealmStoreExample/Tweet.h; sourceTree = "<group>"; };
		B88DA1061A5A103F00DF36D3 /* Tweet.m */ = {isa = PBXFileReference; fileEncoding = 4; lastKnownFileType = sourcecode.c.objc; name = Tweet.m; path = YSRealmStoreExample/Tweet.m; sourceTree = "<group>"; };
		B88DA1071A5A103F00DF36D3 /* Url.h */ = {isa = PBXFileReference; fileEncoding = 4; lastKnownFileType = sourcecode.c.h; name = Url.h; path = YSRealmStoreExample/Url.h; sourceTree = "<group>"; };
		B88DA1081A5A103F00DF36D3 /* Url.m */ = {isa = PBXFileReference; fileEncoding = 4; lastKnownFileType = sourcecode.c.objc; name = Url.m; path = YSRealmStoreExample/Url.m; sourceTree = "<group>"; };
		B88DA1091A5A103F00DF36D3 /* User.h */ = {isa = PBXFileReference; fileEncoding = 4; lastKnownFileType = sourcecode.c.h; name = User.h; path = YSRealmStoreExample/User.h; sourceTree = "<group>"; };
		B88DA10A1A5A103F00DF36D3 /* User.m */ = {isa = PBXFileReference; fileEncoding = 4; lastKnownFileType = sourcecode.c.objc; name = User.m; path = YSRealmStoreExample/User.m; sourceTree = "<group>"; };
		B88DA1101A5A105D00DF36D3 /* JsonGenerator.h */ = {isa = PBXFileReference; fileEncoding = 4; lastKnownFileType = sourcecode.c.h; name = JsonGenerator.h; path = YSRealmStoreExample/JsonGenerator.h; sourceTree = "<group>"; };
		B88DA1111A5A105D00DF36D3 /* JsonGenerator.m */ = {isa = PBXFileReference; fileEncoding = 4; lastKnownFileType = sourcecode.c.objc; name = JsonGenerator.m; path = YSRealmStoreExample/JsonGenerator.m; sourceTree = "<group>"; };
		B88DA1131A5A107000DF36D3 /* TwitterRealmStore.h */ = {isa = PBXFileReference; fileEncoding = 4; lastKnownFileType = sourcecode.c.h; name = TwitterRealmStore.h; path = YSRealmStoreExample/TwitterRealmStore.h; sourceTree = "<group>"; };
		B88DA1141A5A107000DF36D3 /* TwitterRealmStore.m */ = {isa = PBXFileReference; fileEncoding = 4; lastKnownFileType = sourcecode.c.objc; name = TwitterRealmStore.m; path = YSRealmStoreExample/TwitterRealmStore.m; sourceTree = "<group>"; };
		B88DA1181A5A10FF00DF36D3 /* TwitterRequest.h */ = {isa = PBXFileReference; fileEncoding = 4; lastKnownFileType = sourcecode.c.h; path = TwitterRequest.h; sourceTree = "<group>"; };
		B88DA1191A5A10FF00DF36D3 /* TwitterRequest.m */ = {isa = PBXFileReference; fileEncoding = 4; lastKnownFileType = sourcecode.c.objc; path = TwitterRequest.m; sourceTree = "<group>"; };
		B88DA11B1A5A166000DF36D3 /* TweetCell.h */ = {isa = PBXFileReference; fileEncoding = 4; lastKnownFileType = sourcecode.c.h; path = TweetCell.h; sourceTree = "<group>"; };
		B88DA11C1A5A166000DF36D3 /* TweetCell.m */ = {isa = PBXFileReference; fileEncoding = 4; lastKnownFileType = sourcecode.c.objc; path = TweetCell.m; sourceTree = "<group>"; };
		B88DA11E1A5A173D00DF36D3 /* TweetViewController.h */ = {isa = PBXFileReference; fileEncoding = 4; lastKnownFileType = sourcecode.c.h; path = TweetViewController.h; sourceTree = "<group>"; };
		B88DA11F1A5A173D00DF36D3 /* TweetViewController.m */ = {isa = PBXFileReference; fileEncoding = 4; lastKnownFileType = sourcecode.c.objc; path = TweetViewController.m; sourceTree = "<group>"; };
		B88DA1221A5A1F5700DF36D3 /* TweetCell.xib */ = {isa = PBXFileReference; fileEncoding = 4; lastKnownFileType = file.xib; path = TweetCell.xib; sourceTree = "<group>"; };
		B8AE95BB1A5C3E6B0053B140 /* NSDictionary+YSRealmStore.h */ = {isa = PBXFileReference; fileEncoding = 4; lastKnownFileType = sourcecode.c.h; path = "NSDictionary+YSRealmStore.h"; sourceTree = "<group>"; };
		B8AE95BC1A5C3E6B0053B140 /* NSDictionary+YSRealmStore.m */ = {isa = PBXFileReference; fileEncoding = 4; lastKnownFileType = sourcecode.c.objc; path = "NSDictionary+YSRealmStore.m"; sourceTree = "<group>"; };
		B8AE95BE1A5C3E7E0053B140 /* NSString+YSRealmStore.h */ = {isa = PBXFileReference; fileEncoding = 4; lastKnownFileType = sourcecode.c.h; path = "NSString+YSRealmStore.h"; sourceTree = "<group>"; };
		B8AE95BF1A5C3E7E0053B140 /* NSString+YSRealmStore.m */ = {isa = PBXFileReference; fileEncoding = 4; lastKnownFileType = sourcecode.c.objc; path = "NSString+YSRealmStore.m"; sourceTree = "<group>"; };
		B8AE95C11A5C3EAA0053B140 /* NSDate+YSRealmStore.h */ = {isa = PBXFileReference; fileEncoding = 4; lastKnownFileType = sourcecode.c.h; path = "NSDate+YSRealmStore.h"; sourceTree = "<group>"; };
		B8AE95C21A5C3EAA0053B140 /* NSDate+YSRealmStore.m */ = {isa = PBXFileReference; fileEncoding = 4; lastKnownFileType = sourcecode.c.objc; path = "NSDate+YSRealmStore.m"; sourceTree = "<group>"; };
		B8AE95C41A5C3EBD0053B140 /* NSData+YSRealmStore.h */ = {isa = PBXFileReference; fileEncoding = 4; lastKnownFileType = sourcecode.c.h; path = "NSData+YSRealmStore.h"; sourceTree = "<group>"; };
		B8AE95C51A5C3EBD0053B140 /* NSData+YSRealmStore.m */ = {isa = PBXFileReference; fileEncoding = 4; lastKnownFileType = sourcecode.c.objc; path = "NSData+YSRealmStore.m"; sourceTree = "<group>"; };
		B8AE95C71A5C3EE70053B140 /* RLMArray+YSRealmStore.h */ = {isa = PBXFileReference; fileEncoding = 4; lastKnownFileType = sourcecode.c.h; path = "RLMArray+YSRealmStore.h"; sourceTree = "<group>"; };
		B8AE95C81A5C3EE70053B140 /* RLMArray+YSRealmStore.m */ = {isa = PBXFileReference; fileEncoding = 4; lastKnownFileType = sourcecode.c.objc; path = "RLMArray+YSRealmStore.m"; sourceTree = "<group>"; };
		B8C003FE1A3C94E200130815 /* CategoryTests.m */ = {isa = PBXFileReference; fileEncoding = 4; lastKnownFileType = sourcecode.c.objc; path = CategoryTests.m; sourceTree = "<group>"; };
		B8C35DEB1AB01D0F00C08D6F /* RLMResults+YSRealmStore.h */ = {isa = PBXFileReference; fileEncoding = 4; lastKnownFileType = sourcecode.c.h; path = "RLMResults+YSRealmStore.h"; sourceTree = "<group>"; };
		B8C35DEC1AB01D0F00C08D6F /* RLMResults+YSRealmStore.m */ = {isa = PBXFileReference; fileEncoding = 4; lastKnownFileType = sourcecode.c.objc; path = "RLMResults+YSRealmStore.m"; sourceTree = "<group>"; };
		B8D545F919FD00F5008FA04F /* YSRealmStoreExample.app */ = {isa = PBXFileReference; explicitFileType = wrapper.application; includeInIndex = 0; path = YSRealmStoreExample.app; sourceTree = BUILT_PRODUCTS_DIR; };
		B8D545FD19FD00F5008FA04F /* Info.plist */ = {isa = PBXFileReference; lastKnownFileType = text.plist.xml; path = Info.plist; sourceTree = "<group>"; };
		B8D545FE19FD00F5008FA04F /* main.m */ = {isa = PBXFileReference; lastKnownFileType = sourcecode.c.objc; path = main.m; sourceTree = "<group>"; };
		B8D5460019FD00F5008FA04F /* AppDelegate.h */ = {isa = PBXFileReference; lastKnownFileType = sourcecode.c.h; path = AppDelegate.h; sourceTree = "<group>"; };
		B8D5460119FD00F5008FA04F /* AppDelegate.m */ = {isa = PBXFileReference; lastKnownFileType = sourcecode.c.objc; path = AppDelegate.m; sourceTree = "<group>"; };
		B8D5460719FD00F5008FA04F /* Base */ = {isa = PBXFileReference; lastKnownFileType = file.storyboard; name = Base; path = Base.lproj/Main.storyboard; sourceTree = "<group>"; };
		B8D5460919FD00F5008FA04F /* Images.xcassets */ = {isa = PBXFileReference; lastKnownFileType = folder.assetcatalog; path = Images.xcassets; sourceTree = "<group>"; };
		B8D5460C19FD00F5008FA04F /* Base */ = {isa = PBXFileReference; lastKnownFileType = file.xib; name = Base; path = Base.lproj/LaunchScreen.xib; sourceTree = "<group>"; };
		B8D5461219FD00F6008FA04F /* YSRealmStoreExampleTests.xctest */ = {isa = PBXFileReference; explicitFileType = wrapper.cfbundle; includeInIndex = 0; path = YSRealmStoreExampleTests.xctest; sourceTree = BUILT_PRODUCTS_DIR; };
		B8D5461719FD00F6008FA04F /* Info.plist */ = {isa = PBXFileReference; lastKnownFileType = text.plist.xml; path = Info.plist; sourceTree = "<group>"; };
		B8D5462319FD0291008FA04F /* YSRealmStore.h */ = {isa = PBXFileReference; fileEncoding = 4; lastKnownFileType = sourcecode.c.h; path = YSRealmStore.h; sourceTree = "<group>"; };
		B8D5462419FD0291008FA04F /* YSRealmStore.m */ = {isa = PBXFileReference; fileEncoding = 4; lastKnownFileType = sourcecode.c.objc; path = YSRealmStore.m; sourceTree = "<group>"; };
		B8D5462619FD029B008FA04F /* YSRealmOperation.h */ = {isa = PBXFileReference; fileEncoding = 4; lastKnownFileType = sourcecode.c.h; path = YSRealmOperation.h; sourceTree = "<group>"; };
		B8D5462719FD029B008FA04F /* YSRealmOperation.m */ = {isa = PBXFileReference; fileEncoding = 4; lastKnownFileType = sourcecode.c.objc; path = YSRealmOperation.m; sourceTree = "<group>"; };
		B8D5464419FDCD9B008FA04F /* CoreRealmTests.m */ = {isa = PBXFileReference; fileEncoding = 4; lastKnownFileType = sourcecode.c.objc; path = CoreRealmTests.m; sourceTree = "<group>"; };
		B8D5464C19FDCEC9008FA04F /* OperationTests.m */ = {isa = PBXFileReference; fileEncoding = 4; lastKnownFileType = sourcecode.c.objc; path = OperationTests.m; sourceTree = "<group>"; };
		B8F9B8A61C6B08D200AE54C5 /* StoreUtilityTests.xctest */ = {isa = PBXFileReference; explicitFileType = wrapper.cfbundle; includeInIndex = 0; path = StoreUtilityTests.xctest; sourceTree = BUILT_PRODUCTS_DIR; };
		B8F9B8A81C6B08D200AE54C5 /* StoreUtilityTests.m */ = {isa = PBXFileReference; lastKnownFileType = sourcecode.c.objc; path = StoreUtilityTests.m; sourceTree = "<group>"; };
		B8F9B8AA1C6B08D200AE54C5 /* Info.plist */ = {isa = PBXFileReference; lastKnownFileType = text.plist.xml; path = Info.plist; sourceTree = "<group>"; };
/* End PBXFileReference section */

/* Begin PBXFrameworksBuildPhase section */
		B8D545F619FD00F5008FA04F /* Frameworks */ = {
			isa = PBXFrameworksBuildPhase;
			buildActionMask = 2147483647;
			files = (
				CD61284CB44F3AE3BFE86B01 /* libPods.a in Frameworks */,
			);
			runOnlyForDeploymentPostprocessing = 0;
		};
		B8D5460F19FD00F6008FA04F /* Frameworks */ = {
			isa = PBXFrameworksBuildPhase;
			buildActionMask = 2147483647;
			files = (
			);
			runOnlyForDeploymentPostprocessing = 0;
		};
		B8F9B8A31C6B08D200AE54C5 /* Frameworks */ = {
			isa = PBXFrameworksBuildPhase;
			buildActionMask = 2147483647;
			files = (
			);
			runOnlyForDeploymentPostprocessing = 0;
		};
/* End PBXFrameworksBuildPhase section */

/* Begin PBXGroup section */
		550B28108FDB4CC39DB022D0 /* Frameworks */ = {
			isa = PBXGroup;
			children = (
				0AAE81F79A0CF1ECCDF8F05D /* libPods.a */,
			);
			name = Frameworks;
			sourceTree = "<group>";
		};
		B853DFDB1A9AC1E1005C17F1 /* Utility */ = {
			isa = PBXGroup;
			children = (
				B853DFDC1A9AC365005C17F1 /* Utility.h */,
				B853DFDD1A9AC365005C17F1 /* Utility.m */,
				B853DFDF1A9AD2BF005C17F1 /* UtilityTests.m */,
			);
			name = Utility;
			sourceTree = "<group>";
		};
		B88DA1011A5A102000DF36D3 /* TwitterStore */ = {
			isa = PBXGroup;
			children = (
				B88DA1131A5A107000DF36D3 /* TwitterRealmStore.h */,
				B88DA1141A5A107000DF36D3 /* TwitterRealmStore.m */,
				B88DA10F1A5A105400DF36D3 /* Utility */,
				B88DA1021A5A103100DF36D3 /* Model */,
			);
			name = TwitterStore;
			sourceTree = "<group>";
		};
		B88DA1021A5A103100DF36D3 /* Model */ = {
			isa = PBXGroup;
			children = (
				B88DA1051A5A103F00DF36D3 /* Tweet.h */,
				B88DA1061A5A103F00DF36D3 /* Tweet.m */,
				B88DA1091A5A103F00DF36D3 /* User.h */,
				B88DA10A1A5A103F00DF36D3 /* User.m */,
				B88DA1031A5A103F00DF36D3 /* Entities.h */,
				B88DA1041A5A103F00DF36D3 /* Entities.m */,
				B88DA1071A5A103F00DF36D3 /* Url.h */,
				B88DA1081A5A103F00DF36D3 /* Url.m */,
				B84FB8FD1A6F367C0014536E /* Mention.h */,
				B84FB8FE1A6F367C0014536E /* Mention.m */,
			);
			name = Model;
			sourceTree = "<group>";
		};
		B88DA10F1A5A105400DF36D3 /* Utility */ = {
			isa = PBXGroup;
			children = (
				B88DA1101A5A105D00DF36D3 /* JsonGenerator.h */,
				B88DA1111A5A105D00DF36D3 /* JsonGenerator.m */,
				B88DA1181A5A10FF00DF36D3 /* TwitterRequest.h */,
				B88DA1191A5A10FF00DF36D3 /* TwitterRequest.m */,
			);
			name = Utility;
			sourceTree = "<group>";
		};
		B8AE95BA1A5C3D6F0053B140 /* Category */ = {
			isa = PBXGroup;
			children = (
				B8AE95C71A5C3EE70053B140 /* RLMArray+YSRealmStore.h */,
				B8AE95C81A5C3EE70053B140 /* RLMArray+YSRealmStore.m */,
				B8C35DEB1AB01D0F00C08D6F /* RLMResults+YSRealmStore.h */,
				B8C35DEC1AB01D0F00C08D6F /* RLMResults+YSRealmStore.m */,
				B8AE95BB1A5C3E6B0053B140 /* NSDictionary+YSRealmStore.h */,
				B8AE95BC1A5C3E6B0053B140 /* NSDictionary+YSRealmStore.m */,
				B8AE95BE1A5C3E7E0053B140 /* NSString+YSRealmStore.h */,
				B8AE95BF1A5C3E7E0053B140 /* NSString+YSRealmStore.m */,
				B8AE95C11A5C3EAA0053B140 /* NSDate+YSRealmStore.h */,
				B8AE95C21A5C3EAA0053B140 /* NSDate+YSRealmStore.m */,
				B8AE95C41A5C3EBD0053B140 /* NSData+YSRealmStore.h */,
				B8AE95C51A5C3EBD0053B140 /* NSData+YSRealmStore.m */,
			);
			path = Category;
			sourceTree = "<group>";
		};
		B8D545F019FD00F5008FA04F = {
			isa = PBXGroup;
			children = (
				B8D545FB19FD00F5008FA04F /* YSRealmStoreExample */,
				B8D5462219FD0281008FA04F /* YSRealmStore */,
				B88DA1011A5A102000DF36D3 /* TwitterStore */,
				B8D5461519FD00F6008FA04F /* YSRealmStoreExampleTests */,
				B8F9B8A71C6B08D200AE54C5 /* StoreUtilityTests */,
				B8D545FA19FD00F5008FA04F /* Products */,
				550B28108FDB4CC39DB022D0 /* Frameworks */,
				DA63751ED27EAB693E5C9480 /* Pods */,
			);
			sourceTree = "<group>";
		};
		B8D545FA19FD00F5008FA04F /* Products */ = {
			isa = PBXGroup;
			children = (
				B8D545F919FD00F5008FA04F /* YSRealmStoreExample.app */,
				B8D5461219FD00F6008FA04F /* YSRealmStoreExampleTests.xctest */,
				B8F9B8A61C6B08D200AE54C5 /* StoreUtilityTests.xctest */,
			);
			name = Products;
			sourceTree = "<group>";
		};
		B8D545FB19FD00F5008FA04F /* YSRealmStoreExample */ = {
			isa = PBXGroup;
			children = (
				B8D5460019FD00F5008FA04F /* AppDelegate.h */,
				B8D5460119FD00F5008FA04F /* AppDelegate.m */,
				B88DA11E1A5A173D00DF36D3 /* TweetViewController.h */,
				B88DA11F1A5A173D00DF36D3 /* TweetViewController.m */,
				B88DA11B1A5A166000DF36D3 /* TweetCell.h */,
				B88DA11C1A5A166000DF36D3 /* TweetCell.m */,
				B88DA1221A5A1F5700DF36D3 /* TweetCell.xib */,
				B8D5460619FD00F5008FA04F /* Main.storyboard */,
				B8D5460919FD00F5008FA04F /* Images.xcassets */,
				B8D5460B19FD00F5008FA04F /* LaunchScreen.xib */,
				B8D545FC19FD00F5008FA04F /* Supporting Files */,
			);
			path = YSRealmStoreExample;
			sourceTree = "<group>";
		};
		B8D545FC19FD00F5008FA04F /* Supporting Files */ = {
			isa = PBXGroup;
			children = (
				B8D545FD19FD00F5008FA04F /* Info.plist */,
				B8D545FE19FD00F5008FA04F /* main.m */,
				B8302DD81A007E60004C9DA9 /* PrefixHeader.pch */,
			);
			name = "Supporting Files";
			sourceTree = "<group>";
		};
		B8D5461519FD00F6008FA04F /* YSRealmStoreExampleTests */ = {
			isa = PBXGroup;
			children = (
				B8D5464419FDCD9B008FA04F /* CoreRealmTests.m */,
				B8191B201A352E500063FE1F /* WriteTransactionTests.m */,
				B8D5464C19FDCEC9008FA04F /* OperationTests.m */,
				B8C003FE1A3C94E200130815 /* CategoryTests.m */,
				B853DFDB1A9AC1E1005C17F1 /* Utility */,
				B8D5461619FD00F6008FA04F /* Supporting Files */,
			);
			path = YSRealmStoreExampleTests;
			sourceTree = "<group>";
		};
		B8D5461619FD00F6008FA04F /* Supporting Files */ = {
			isa = PBXGroup;
			children = (
				B8D5461719FD00F6008FA04F /* Info.plist */,
			);
			name = "Supporting Files";
			sourceTree = "<group>";
		};
		B8D5462219FD0281008FA04F /* YSRealmStore */ = {
			isa = PBXGroup;
			children = (
				B8D5462319FD0291008FA04F /* YSRealmStore.h */,
				B8D5462419FD0291008FA04F /* YSRealmStore.m */,
				B8191B1D1A35275D0063FE1F /* YSRealmWriteTransaction.h */,
				B8191B1E1A35275D0063FE1F /* YSRealmWriteTransaction.m */,
				B8D5462619FD029B008FA04F /* YSRealmOperation.h */,
				B8D5462719FD029B008FA04F /* YSRealmOperation.m */,
				B8AE95BA1A5C3D6F0053B140 /* Category */,
			);
			name = YSRealmStore;
			path = ../../Classes/YSRealmStore;
			sourceTree = "<group>";
		};
		B8F9B8A71C6B08D200AE54C5 /* StoreUtilityTests */ = {
			isa = PBXGroup;
			children = (
				B8F9B8A81C6B08D200AE54C5 /* StoreUtilityTests.m */,
				B8F9B8AA1C6B08D200AE54C5 /* Info.plist */,
			);
			path = StoreUtilityTests;
			sourceTree = "<group>";
		};
		DA63751ED27EAB693E5C9480 /* Pods */ = {
			isa = PBXGroup;
			children = (
				8E621EFFD268E78113302843 /* Pods.debug.xcconfig */,
				1334DBDE6AAA5F8549BE0C0E /* Pods.release.xcconfig */,
			);
			name = Pods;
			sourceTree = "<group>";
		};
/* End PBXGroup section */

/* Begin PBXNativeTarget section */
		B8D545F819FD00F5008FA04F /* YSRealmStoreExample */ = {
			isa = PBXNativeTarget;
			buildConfigurationList = B8D5461C19FD00F6008FA04F /* Build configuration list for PBXNativeTarget "YSRealmStoreExample" */;
			buildPhases = (
				63CB26ABC6EDC9E9EC3581C6 /* Check Pods Manifest.lock */,
				B8D545F519FD00F5008FA04F /* Sources */,
				B8D545F619FD00F5008FA04F /* Frameworks */,
				B8D545F719FD00F5008FA04F /* Resources */,
				0F2CB92B5D733FD30CEF1F56 /* Copy Pods Resources */,
				06B11AEE1B65EA8759E25425 /* Embed Pods Frameworks */,
			);
			buildRules = (
			);
			dependencies = (
			);
			name = YSRealmStoreExample;
			productName = YSRealmExample;
			productReference = B8D545F919FD00F5008FA04F /* YSRealmStoreExample.app */;
			productType = "com.apple.product-type.application";
		};
		B8D5461119FD00F6008FA04F /* YSRealmStoreExampleTests */ = {
			isa = PBXNativeTarget;
			buildConfigurationList = B8D5461F19FD00F6008FA04F /* Build configuration list for PBXNativeTarget "YSRealmStoreExampleTests" */;
			buildPhases = (
				B8D5460E19FD00F6008FA04F /* Sources */,
				B8D5460F19FD00F6008FA04F /* Frameworks */,
				B8D5461019FD00F6008FA04F /* Resources */,
			);
			buildRules = (
			);
			dependencies = (
				B8D5461419FD00F6008FA04F /* PBXTargetDependency */,
			);
			name = YSRealmStoreExampleTests;
			productName = YSRealmExampleTests;
			productReference = B8D5461219FD00F6008FA04F /* YSRealmStoreExampleTests.xctest */;
			productType = "com.apple.product-type.bundle.unit-test";
		};
		B8F9B8A51C6B08D200AE54C5 /* StoreUtilityTests */ = {
			isa = PBXNativeTarget;
			buildConfigurationList = B8F9B8AF1C6B08D200AE54C5 /* Build configuration list for PBXNativeTarget "StoreUtilityTests" */;
			buildPhases = (
				B8F9B8A21C6B08D200AE54C5 /* Sources */,
				B8F9B8A31C6B08D200AE54C5 /* Frameworks */,
				B8F9B8A41C6B08D200AE54C5 /* Resources */,
			);
			buildRules = (
			);
			dependencies = (
				B8F9B8AC1C6B08D200AE54C5 /* PBXTargetDependency */,
			);
			name = StoreUtilityTests;
			productName = StoreUtilityTests;
			productReference = B8F9B8A61C6B08D200AE54C5 /* StoreUtilityTests.xctest */;
			productType = "com.apple.product-type.bundle.unit-test";
		};
/* End PBXNativeTarget section */

/* Begin PBXProject section */
		B8D545F119FD00F5008FA04F /* Project object */ = {
			isa = PBXProject;
			attributes = {
				LastUpgradeCheck = 0700;
				ORGANIZATIONNAME = "Yu Sugawara";
				TargetAttributes = {
					B8D545F819FD00F5008FA04F = {
						CreatedOnToolsVersion = 6.1;
					};
					B8D5461119FD00F6008FA04F = {
						CreatedOnToolsVersion = 6.1;
						TestTargetID = B8D545F819FD00F5008FA04F;
					};
					B8F9B8A51C6B08D200AE54C5 = {
						CreatedOnToolsVersion = 7.2;
						TestTargetID = B8D545F819FD00F5008FA04F;
					};
				};
			};
			buildConfigurationList = B8D545F419FD00F5008FA04F /* Build configuration list for PBXProject "YSRealmStoreExample" */;
			compatibilityVersion = "Xcode 3.2";
			developmentRegion = English;
			hasScannedForEncodings = 0;
			knownRegions = (
				en,
				Base,
			);
			mainGroup = B8D545F019FD00F5008FA04F;
			productRefGroup = B8D545FA19FD00F5008FA04F /* Products */;
			projectDirPath = "";
			projectRoot = "";
			targets = (
				B8D545F819FD00F5008FA04F /* YSRealmStoreExample */,
				B8D5461119FD00F6008FA04F /* YSRealmStoreExampleTests */,
				B8F9B8A51C6B08D200AE54C5 /* StoreUtilityTests */,
			);
		};
/* End PBXProject section */

/* Begin PBXResourcesBuildPhase section */
		B8D545F719FD00F5008FA04F /* Resources */ = {
			isa = PBXResourcesBuildPhase;
			buildActionMask = 2147483647;
			files = (
				B8D5460819FD00F5008FA04F /* Main.storyboard in Resources */,
				B8D5460D19FD00F5008FA04F /* LaunchScreen.xib in Resources */,
				B8D5460A19FD00F5008FA04F /* Images.xcassets in Resources */,
				B88DA1231A5A1F5700DF36D3 /* TweetCell.xib in Resources */,
			);
			runOnlyForDeploymentPostprocessing = 0;
		};
		B8D5461019FD00F6008FA04F /* Resources */ = {
			isa = PBXResourcesBuildPhase;
			buildActionMask = 2147483647;
			files = (
			);
			runOnlyForDeploymentPostprocessing = 0;
		};
		B8F9B8A41C6B08D200AE54C5 /* Resources */ = {
			isa = PBXResourcesBuildPhase;
			buildActionMask = 2147483647;
			files = (
			);
			runOnlyForDeploymentPostprocessing = 0;
		};
/* End PBXResourcesBuildPhase section */

/* Begin PBXShellScriptBuildPhase section */
		06B11AEE1B65EA8759E25425 /* Embed Pods Frameworks */ = {
			isa = PBXShellScriptBuildPhase;
			buildActionMask = 2147483647;
			files = (
			);
			inputPaths = (
			);
			name = "Embed Pods Frameworks";
			outputPaths = (
			);
			runOnlyForDeploymentPostprocessing = 0;
			shellPath = /bin/sh;
			shellScript = "\"${SRCROOT}/Pods/Target Support Files/Pods/Pods-frameworks.sh\"\n";
			showEnvVarsInLog = 0;
		};
		0F2CB92B5D733FD30CEF1F56 /* Copy Pods Resources */ = {
			isa = PBXShellScriptBuildPhase;
			buildActionMask = 2147483647;
			files = (
			);
			inputPaths = (
			);
			name = "Copy Pods Resources";
			outputPaths = (
			);
			runOnlyForDeploymentPostprocessing = 0;
			shellPath = /bin/sh;
			shellScript = "\"${SRCROOT}/Pods/Target Support Files/Pods/Pods-resources.sh\"\n";
			showEnvVarsInLog = 0;
		};
		63CB26ABC6EDC9E9EC3581C6 /* Check Pods Manifest.lock */ = {
			isa = PBXShellScriptBuildPhase;
			buildActionMask = 2147483647;
			files = (
			);
			inputPaths = (
			);
			name = "Check Pods Manifest.lock";
			outputPaths = (
			);
			runOnlyForDeploymentPostprocessing = 0;
			shellPath = /bin/sh;
			shellScript = "diff \"${PODS_ROOT}/../Podfile.lock\" \"${PODS_ROOT}/Manifest.lock\" > /dev/null\nif [[ $? != 0 ]] ; then\n    cat << EOM\nerror: The sandbox is not in sync with the Podfile.lock. Run 'pod install' or update your CocoaPods installation.\nEOM\n    exit 1\nfi\n";
			showEnvVarsInLog = 0;
		};
/* End PBXShellScriptBuildPhase section */

/* Begin PBXSourcesBuildPhase section */
		B8D545F519FD00F5008FA04F /* Sources */ = {
			isa = PBXSourcesBuildPhase;
			buildActionMask = 2147483647;
			files = (
				B88DA10C1A5A103F00DF36D3 /* Tweet.m in Sources */,
				B88DA11A1A5A10FF00DF36D3 /* TwitterRequest.m in Sources */,
				B8AE95BD1A5C3E6B0053B140 /* NSDictionary+YSRealmStore.m in Sources */,
				B84FB8FF1A6F367C0014536E /* Mention.m in Sources */,
				B8AE95C01A5C3E7E0053B140 /* NSString+YSRealmStore.m in Sources */,
				B88DA1151A5A107000DF36D3 /* TwitterRealmStore.m in Sources */,
				B88DA11D1A5A166000DF36D3 /* TweetCell.m in Sources */,
				B8C35DED1AB01D0F00C08D6F /* RLMResults+YSRealmStore.m in Sources */,
				B8AE95C31A5C3EAA0053B140 /* NSDate+YSRealmStore.m in Sources */,
				B8D5462519FD0291008FA04F /* YSRealmStore.m in Sources */,
				B88DA10B1A5A103F00DF36D3 /* Entities.m in Sources */,
				B8AE95CB1A5C3EE70053B140 /* RLMArray+YSRealmStore.m in Sources */,
				B8D5460219FD00F5008FA04F /* AppDelegate.m in Sources */,
				B88DA1201A5A173D00DF36D3 /* TweetViewController.m in Sources */,
				B88DA10D1A5A103F00DF36D3 /* Url.m in Sources */,
				B8AE95C61A5C3EBD0053B140 /* NSData+YSRealmStore.m in Sources */,
				B88DA10E1A5A103F00DF36D3 /* User.m in Sources */,
				B8191B1F1A35275D0063FE1F /* YSRealmWriteTransaction.m in Sources */,
				B8D545FF19FD00F5008FA04F /* main.m in Sources */,
				B8D5462819FD029B008FA04F /* YSRealmOperation.m in Sources */,
				B88DA1121A5A105D00DF36D3 /* JsonGenerator.m in Sources */,
			);
			runOnlyForDeploymentPostprocessing = 0;
		};
		B8D5460E19FD00F6008FA04F /* Sources */ = {
			isa = PBXSourcesBuildPhase;
			buildActionMask = 2147483647;
			files = (
				B853DFE01A9AD2BF005C17F1 /* UtilityTests.m in Sources */,
				B8D5464519FDCD9B008FA04F /* CoreRealmTests.m in Sources */,
				B8D5464D19FDCEC9008FA04F /* OperationTests.m in Sources */,
				B853DFDE1A9AC365005C17F1 /* Utility.m in Sources */,
				B8C003FF1A3C94E200130815 /* CategoryTests.m in Sources */,
				B8191B211A352E500063FE1F /* WriteTransactionTests.m in Sources */,
			);
			runOnlyForDeploymentPostprocessing = 0;
		};
		B8F9B8A21C6B08D200AE54C5 /* Sources */ = {
			isa = PBXSourcesBuildPhase;
			buildActionMask = 2147483647;
			files = (
				B8F9B8A91C6B08D200AE54C5 /* StoreUtilityTests.m in Sources */,
			);
			runOnlyForDeploymentPostprocessing = 0;
		};
/* End PBXSourcesBuildPhase section */

/* Begin PBXTargetDependency section */
		B8D5461419FD00F6008FA04F /* PBXTargetDependency */ = {
			isa = PBXTargetDependency;
			target = B8D545F819FD00F5008FA04F /* YSRealmStoreExample */;
			targetProxy = B8D5461319FD00F6008FA04F /* PBXContainerItemProxy */;
		};
		B8F9B8AC1C6B08D200AE54C5 /* PBXTargetDependency */ = {
			isa = PBXTargetDependency;
			target = B8D545F819FD00F5008FA04F /* YSRealmStoreExample */;
			targetProxy = B8F9B8AB1C6B08D200AE54C5 /* PBXContainerItemProxy */;
		};
/* End PBXTargetDependency section */

/* Begin PBXVariantGroup section */
		B8D5460619FD00F5008FA04F /* Main.storyboard */ = {
			isa = PBXVariantGroup;
			children = (
				B8D5460719FD00F5008FA04F /* Base */,
			);
			name = Main.storyboard;
			sourceTree = "<group>";
		};
		B8D5460B19FD00F5008FA04F /* LaunchScreen.xib */ = {
			isa = PBXVariantGroup;
			children = (
				B8D5460C19FD00F5008FA04F /* Base */,
			);
			name = LaunchScreen.xib;
			sourceTree = "<group>";
		};
/* End PBXVariantGroup section */

/* Begin XCBuildConfiguration section */
		B8D5461A19FD00F6008FA04F /* Debug */ = {
			isa = XCBuildConfiguration;
			buildSettings = {
				ALWAYS_SEARCH_USER_PATHS = NO;
				CLANG_CXX_LANGUAGE_STANDARD = "gnu++0x";
				CLANG_CXX_LIBRARY = "libc++";
				CLANG_ENABLE_MODULES = YES;
				CLANG_ENABLE_OBJC_ARC = YES;
				CLANG_WARN_BOOL_CONVERSION = YES;
				CLANG_WARN_CONSTANT_CONVERSION = YES;
				CLANG_WARN_DIRECT_OBJC_ISA_USAGE = YES_ERROR;
				CLANG_WARN_EMPTY_BODY = YES;
				CLANG_WARN_ENUM_CONVERSION = YES;
				CLANG_WARN_INT_CONVERSION = YES;
				CLANG_WARN_OBJC_ROOT_CLASS = YES_ERROR;
				CLANG_WARN_UNREACHABLE_CODE = YES;
				CLANG_WARN__DUPLICATE_METHOD_MATCH = YES;
				"CODE_SIGN_IDENTITY[sdk=iphoneos*]" = "iPhone Developer";
				COPY_PHASE_STRIP = NO;
				ENABLE_STRICT_OBJC_MSGSEND = YES;
				ENABLE_TESTABILITY = YES;
				GCC_C_LANGUAGE_STANDARD = gnu99;
				GCC_DYNAMIC_NO_PIC = NO;
				GCC_OPTIMIZATION_LEVEL = 0;
				GCC_PREPROCESSOR_DEFINITIONS = (
					"DEBUG=1",
					"$(inherited)",
				);
				GCC_SYMBOLS_PRIVATE_EXTERN = NO;
				GCC_WARN_64_TO_32_BIT_CONVERSION = YES;
				GCC_WARN_ABOUT_RETURN_TYPE = YES_ERROR;
				GCC_WARN_UNDECLARED_SELECTOR = YES;
				GCC_WARN_UNINITIALIZED_AUTOS = YES_AGGRESSIVE;
				GCC_WARN_UNUSED_FUNCTION = YES;
				GCC_WARN_UNUSED_VARIABLE = YES;
				IPHONEOS_DEPLOYMENT_TARGET = 7.0;
				MTL_ENABLE_DEBUG_INFO = YES;
				ONLY_ACTIVE_ARCH = YES;
				SDKROOT = iphoneos;
			};
			name = Debug;
		};
		B8D5461B19FD00F6008FA04F /* Release */ = {
			isa = XCBuildConfiguration;
			buildSettings = {
				ALWAYS_SEARCH_USER_PATHS = NO;
				CLANG_CXX_LANGUAGE_STANDARD = "gnu++0x";
				CLANG_CXX_LIBRARY = "libc++";
				CLANG_ENABLE_MODULES = YES;
				CLANG_ENABLE_OBJC_ARC = YES;
				CLANG_WARN_BOOL_CONVERSION = YES;
				CLANG_WARN_CONSTANT_CONVERSION = YES;
				CLANG_WARN_DIRECT_OBJC_ISA_USAGE = YES_ERROR;
				CLANG_WARN_EMPTY_BODY = YES;
				CLANG_WARN_ENUM_CONVERSION = YES;
				CLANG_WARN_INT_CONVERSION = YES;
				CLANG_WARN_OBJC_ROOT_CLASS = YES_ERROR;
				CLANG_WARN_UNREACHABLE_CODE = YES;
				CLANG_WARN__DUPLICATE_METHOD_MATCH = YES;
				"CODE_SIGN_IDENTITY[sdk=iphoneos*]" = "iPhone Developer";
				COPY_PHASE_STRIP = YES;
				ENABLE_NS_ASSERTIONS = NO;
				ENABLE_STRICT_OBJC_MSGSEND = YES;
				GCC_C_LANGUAGE_STANDARD = gnu99;
				GCC_WARN_64_TO_32_BIT_CONVERSION = YES;
				GCC_WARN_ABOUT_RETURN_TYPE = YES_ERROR;
				GCC_WARN_UNDECLARED_SELECTOR = YES;
				GCC_WARN_UNINITIALIZED_AUTOS = YES_AGGRESSIVE;
				GCC_WARN_UNUSED_FUNCTION = YES;
				GCC_WARN_UNUSED_VARIABLE = YES;
				IPHONEOS_DEPLOYMENT_TARGET = 7.0;
				MTL_ENABLE_DEBUG_INFO = NO;
				SDKROOT = iphoneos;
				VALIDATE_PRODUCT = YES;
			};
			name = Release;
		};
		B8D5461D19FD00F6008FA04F /* Debug */ = {
			isa = XCBuildConfiguration;
			baseConfigurationReference = 8E621EFFD268E78113302843 /* Pods.debug.xcconfig */;
			buildSettings = {
				ASSETCATALOG_COMPILER_APPICON_NAME = AppIcon;
				ASSETCATALOG_COMPILER_LAUNCHIMAGE_NAME = LaunchImage;
				ENABLE_BITCODE = YES;
				GCC_PREFIX_HEADER = "$(SRCROOT)/PrefixHeader.pch";
				INFOPLIST_FILE = YSRealmStoreExample/Info.plist;
				IPHONEOS_DEPLOYMENT_TARGET = 7.1;
				LD_RUNPATH_SEARCH_PATHS = "$(inherited) @executable_path/Frameworks";
				PRODUCT_BUNDLE_IDENTIFIER = "com.yusuga.$(PRODUCT_NAME:rfc1034identifier)";
				PRODUCT_NAME = YSRealmStoreExample;
			};
			name = Debug;
		};
		B8D5461E19FD00F6008FA04F /* Release */ = {
			isa = XCBuildConfiguration;
			baseConfigurationReference = 1334DBDE6AAA5F8549BE0C0E /* Pods.release.xcconfig */;
			buildSettings = {
				ASSETCATALOG_COMPILER_APPICON_NAME = AppIcon;
				ASSETCATALOG_COMPILER_LAUNCHIMAGE_NAME = LaunchImage;
				ENABLE_BITCODE = YES;
				GCC_PREFIX_HEADER = "$(SRCROOT)/PrefixHeader.pch";
				INFOPLIST_FILE = YSRealmStoreExample/Info.plist;
				IPHONEOS_DEPLOYMENT_TARGET = 7.1;
				LD_RUNPATH_SEARCH_PATHS = "$(inherited) @executable_path/Frameworks";
				PRODUCT_BUNDLE_IDENTIFIER = "com.yusuga.$(PRODUCT_NAME:rfc1034identifier)";
				PRODUCT_NAME = YSRealmStoreExample;
			};
			name = Release;
		};
		B8D5462019FD00F6008FA04F /* Debug */ = {
			isa = XCBuildConfiguration;
			buildSettings = {
				BUNDLE_LOADER = "$(TEST_HOST)";
				FRAMEWORK_SEARCH_PATHS = "$(inherited)";
				GCC_PREFIX_HEADER = "$(SRCROOT)/PrefixHeader.pch";
				GCC_PREPROCESSOR_DEFINITIONS = (
					"DEBUG=1",
					"$(inherited)",
				);
				HEADER_SEARCH_PATHS = (
					"$(inherited)",
					/Applications/Xcode.app/Contents/Developer/Toolchains/XcodeDefault.xctoolchain/usr/include,
					"${SRCROOT}/Pods/Headers/**",
				);
				INFOPLIST_FILE = YSRealmStoreExampleTests/Info.plist;
				LD_RUNPATH_SEARCH_PATHS = "$(inherited) @executable_path/Frameworks @loader_path/Frameworks";
				PRODUCT_BUNDLE_IDENTIFIER = "jp.YuSugawara.$(PRODUCT_NAME:rfc1034identifier)";
				PRODUCT_NAME = YSRealmStoreExampleTests;
				TEST_HOST = "$(BUILT_PRODUCTS_DIR)/YSRealmStoreExample.app/YSRealmStoreExample";
			};
			name = Debug;
		};
		B8D5462119FD00F6008FA04F /* Release */ = {
			isa = XCBuildConfiguration;
			buildSettings = {
				BUNDLE_LOADER = "$(TEST_HOST)";
				FRAMEWORK_SEARCH_PATHS = "$(inherited)";
				GCC_PREFIX_HEADER = "$(SRCROOT)/PrefixHeader.pch";
				HEADER_SEARCH_PATHS = (
					"$(inherited)",
					/Applications/Xcode.app/Contents/Developer/Toolchains/XcodeDefault.xctoolchain/usr/include,
					"${SRCROOT}/Pods/Headers/**",
				);
				INFOPLIST_FILE = YSRealmStoreExampleTests/Info.plist;
				LD_RUNPATH_SEARCH_PATHS = "$(inherited) @executable_path/Frameworks @loader_path/Frameworks";
				PRODUCT_BUNDLE_IDENTIFIER = "jp.YuSugawara.$(PRODUCT_NAME:rfc1034identifier)";
				PRODUCT_NAME = YSRealmStoreExampleTests;
				TEST_HOST = "$(BUILT_PRODUCTS_DIR)/YSRealmStoreExample.app/YSRealmStoreExample";
			};
			name = Release;
		};
		B8F9B8AD1C6B08D200AE54C5 /* Debug */ = {
			isa = XCBuildConfiguration;
			buildSettings = {
				BUNDLE_LOADER = "$(TEST_HOST)";
				DEBUG_INFORMATION_FORMAT = dwarf;
				GCC_NO_COMMON_BLOCKS = YES;
				HEADER_SEARCH_PATHS = (
					"${SRCROOT}/Pods/Headers/**",
					"$(inherited)",
					/Applications/Xcode.app/Contents/Developer/Toolchains/XcodeDefault.xctoolchain/usr/include,
				);
				INFOPLIST_FILE = StoreUtilityTests/Info.plist;
				IPHONEOS_DEPLOYMENT_TARGET = 9.2;
				LD_RUNPATH_SEARCH_PATHS = "$(inherited) @executable_path/Frameworks @loader_path/Frameworks";
				PRODUCT_BUNDLE_IDENTIFIER = com.yusuga.StoreUtilityTests;
				PRODUCT_NAME = "$(TARGET_NAME)";
				TEST_HOST = "$(BUILT_PRODUCTS_DIR)/YSRealmStoreExample.app/YSRealmStoreExample";
			};
			name = Debug;
		};
		B8F9B8AE1C6B08D200AE54C5 /* Release */ = {
			isa = XCBuildConfiguration;
			buildSettings = {
				BUNDLE_LOADER = "$(TEST_HOST)";
				COPY_PHASE_STRIP = NO;
				DEBUG_INFORMATION_FORMAT = "dwarf-with-dsym";
				GCC_NO_COMMON_BLOCKS = YES;
				HEADER_SEARCH_PATHS = (
					"${SRCROOT}/Pods/Headers/**",
					"$(inherited)",
					/Applications/Xcode.app/Contents/Developer/Toolchains/XcodeDefault.xctoolchain/usr/include,
				);
				INFOPLIST_FILE = StoreUtilityTests/Info.plist;
				IPHONEOS_DEPLOYMENT_TARGET = 9.2;
				LD_RUNPATH_SEARCH_PATHS = "$(inherited) @executable_path/Frameworks @loader_path/Frameworks";
				PRODUCT_BUNDLE_IDENTIFIER = com.yusuga.StoreUtilityTests;
				PRODUCT_NAME = "$(TARGET_NAME)";
				TEST_HOST = "$(BUILT_PRODUCTS_DIR)/YSRealmStoreExample.app/YSRealmStoreExample";
			};
			name = Release;
		};
/* End XCBuildConfiguration section */

/* Begin XCConfigurationList section */
		B8D545F419FD00F5008FA04F /* Build configuration list for PBXProject "YSRealmStoreExample" */ = {
			isa = XCConfigurationList;
			buildConfigurations = (
				B8D5461A19FD00F6008FA04F /* Debug */,
				B8D5461B19FD00F6008FA04F /* Release */,
			);
			defaultConfigurationIsVisible = 0;
			defaultConfigurationName = Release;
		};
		B8D5461C19FD00F6008FA04F /* Build configuration list for PBXNativeTarget "YSRealmStoreExample" */ = {
			isa = XCConfigurationList;
			buildConfigurations = (
				B8D5461D19FD00F6008FA04F /* Debug */,
				B8D5461E19FD00F6008FA04F /* Release */,
			);
			defaultConfigurationIsVisible = 0;
			defaultConfigurationName = Release;
		};
		B8D5461F19FD00F6008FA04F /* Build configuration list for PBXNativeTarget "YSRealmStoreExampleTests" */ = {
			isa = XCConfigurationList;
			buildConfigurations = (
				B8D5462019FD00F6008FA04F /* Debug */,
				B8D5462119FD00F6008FA04F /* Release */,
			);
			defaultConfigurationIsVisible = 0;
			defaultConfigurationName = Release;
		};
		B8F9B8AF1C6B08D200AE54C5 /* Build configuration list for PBXNativeTarget "StoreUtilityTests" */ = {
			isa = XCConfigurationList;
			buildConfigurations = (
				B8F9B8AD1C6B08D200AE54C5 /* Debug */,
				B8F9B8AE1C6B08D200AE54C5 /* Release */,
			);
			defaultConfigurationIsVisible = 0;
		};
/* End XCConfigurationList section */
	};
	rootObject = B8D545F119FD00F5008FA04F /* Project object */;
}
